Microsoft Visual Studio Solution File, Format Version 12.00
# Visual Studio Version 17
VisualStudioVersion = 17.5.2.0
MinimumVisualStudioVersion = 10.0.40219.1
Project("{FAE04EC0-301F-11D3-BF4B-00C04F79EFBC}") = "SONYACHNA", "SONYACHNA.csproj", "{DAD53C80-77F6-FFA7-6C13-AC7186B4107B}"
EndProject
Global
	GlobalSection(SolutionConfigurationPlatforms) = preSolution
		Debug|Any CPU = Debug|Any CPU
		Release|Any CPU = Release|Any CPU
	EndGlobalSection
	GlobalSection(ProjectConfigurationPlatforms) = postSolution
		{DAD53C80-77F6-FFA7-6C13-AC7186B4107B}.Debug|Any CPU.ActiveCfg = Debug|Any CPU
		{DAD53C80-77F6-FFA7-6C13-AC7186B4107B}.Debug|Any CPU.Build.0 = Debug|Any CPU
		{DAD53C80-77F6-FFA7-6C13-AC7186B4107B}.Release|Any CPU.ActiveCfg = Release|Any CPU
		{DAD53C80-77F6-FFA7-6C13-AC7186B4107B}.Release|Any CPU.Build.0 = Release|Any CPU
	EndGlobalSection
	GlobalSection(SolutionProperties) = preSolution
		HideSolutionNode = FALSE
	EndGlobalSection
	GlobalSection(ExtensibilityGlobals) = postSolution
		SolutionGuid = {E51D7B07-1AEE-4D76-8EDB-377D2C4688EF}
	EndGlobalSection
EndGlobal
